// !$*UTF8*$!
{
	archiveVersion = 1;
	classes = {
	};
	objectVersion = 50;
	objects = {

/* Begin PBXBuildFile section */
		05B9048726E2820800B72B96 /* AppDelegate.swift in Sources */ = {isa = PBXBuildFile; fileRef = 05B9048626E2820800B72B96 /* AppDelegate.swift */; };
		05B9048926E2820800B72B96 /* SceneDelegate.swift in Sources */ = {isa = PBXBuildFile; fileRef = 05B9048826E2820800B72B96 /* SceneDelegate.swift */; };
		05B9048B26E2820800B72B96 /* ViewController.swift in Sources */ = {isa = PBXBuildFile; fileRef = 05B9048A26E2820800B72B96 /* ViewController.swift */; };
		05B9048E26E2820800B72B96 /* Main.storyboard in Resources */ = {isa = PBXBuildFile; fileRef = 05B9048C26E2820800B72B96 /* Main.storyboard */; };
		05B9049026E2820A00B72B96 /* Assets.xcassets in Resources */ = {isa = PBXBuildFile; fileRef = 05B9048F26E2820A00B72B96 /* Assets.xcassets */; };
		05B9049326E2820A00B72B96 /* LaunchScreen.storyboard in Resources */ = {isa = PBXBuildFile; fileRef = 05B9049126E2820A00B72B96 /* LaunchScreen.storyboard */; };
		05B9049E26E2820A00B72B96 /* PreworkTests.swift in Sources */ = {isa = PBXBuildFile; fileRef = 05B9049D26E2820A00B72B96 /* PreworkTests.swift */; };
		05B904A926E2820A00B72B96 /* PreworkUITests.swift in Sources */ = {isa = PBXBuildFile; fileRef = 05B904A826E2820A00B72B96 /* PreworkUITests.swift */; };
/* End PBXBuildFile section */

/* Begin PBXContainerItemProxy section */
		05B9049A26E2820A00B72B96 /* PBXContainerItemProxy */ = {
			isa = PBXContainerItemProxy;
			containerPortal = 05B9047B26E2820800B72B96 /* Project object */;
			proxyType = 1;
			remoteGlobalIDString = 05B9048226E2820800B72B96;
			remoteInfo = Prework;
		};
		05B904A526E2820A00B72B96 /* PBXContainerItemProxy */ = {
			isa = PBXContainerItemProxy;
			containerPortal = 05B9047B26E2820800B72B96 /* Project object */;
			proxyType = 1;
			remoteGlobalIDString = 05B9048226E2820800B72B96;
			remoteInfo = Prework;
		};
/* End PBXContainerItemProxy section */

/* Begin PBXFileReference section */
		05B9048326E2820800B72B96 /* Prework.app */ = {isa = PBXFileReference; explicitFileType = wrapper.application; includeInIndex = 0; path = Prework.app; sourceTree = BUILT_PRODUCTS_DIR; };
		05B9048626E2820800B72B96 /* AppDelegate.swift */ = {isa = PBXFileReference; lastKnownFileType = sourcecode.swift; path = AppDelegate.swift; sourceTree = "<group>"; };
		05B9048826E2820800B72B96 /* SceneDelegate.swift */ = {isa = PBXFileReference; lastKnownFileType = sourcecode.swift; path = SceneDelegate.swift; sourceTree = "<group>"; };
		05B9048A26E2820800B72B96 /* ViewController.swift */ = {isa = PBXFileReference; lastKnownFileType = sourcecode.swift; path = ViewController.swift; sourceTree = "<group>"; };
		05B9048D26E2820800B72B96 /* Base */ = {isa = PBXFileReference; lastKnownFileType = file.storyboard; name = Base; path = Base.lproj/Main.storyboard; sourceTree = "<group>"; };
		05B9048F26E2820A00B72B96 /* Assets.xcassets */ = {isa = PBXFileReference; lastKnownFileType = folder.assetcatalog; path = Assets.xcassets; sourceTree = "<group>"; };
		05B9049226E2820A00B72B96 /* Base */ = {isa = PBXFileReference; lastKnownFileType = file.storyboard; name = Base; path = Base.lproj/LaunchScreen.storyboard; sourceTree = "<group>"; };
		05B9049426E2820A00B72B96 /* Info.plist */ = {isa = PBXFileReference; lastKnownFileType = text.plist.xml; path = Info.plist; sourceTree = "<group>"; };
		05B9049926E2820A00B72B96 /* PreworkTests.xctest */ = {isa = PBXFileReference; explicitFileType = wrapper.cfbundle; includeInIndex = 0; path = PreworkTests.xctest; sourceTree = BUILT_PRODUCTS_DIR; };
		05B9049D26E2820A00B72B96 /* PreworkTests.swift */ = {isa = PBXFileReference; lastKnownFileType = sourcecode.swift; path = PreworkTests.swift; sourceTree = "<group>"; };
		05B9049F26E2820A00B72B96 /* Info.plist */ = {isa = PBXFileReference; lastKnownFileType = text.plist.xml; path = Info.plist; sourceTree = "<group>"; };
		05B904A426E2820A00B72B96 /* PreworkUITests.xctest */ = {isa = PBXFileReference; explicitFileType = wrapper.cfbundle; includeInIndex = 0; path = PreworkUITests.xctest; sourceTree = BUILT_PRODUCTS_DIR; };
		05B904A826E2820A00B72B96 /* PreworkUITests.swift */ = {isa = PBXFileReference; lastKnownFileType = sourcecode.swift; path = PreworkUITests.swift; sourceTree = "<group>"; };
		05B904AA26E2820A00B72B96 /* Info.plist */ = {isa = PBXFileReference; lastKnownFileType = text.plist.xml; path = Info.plist; sourceTree = "<group>"; };
/* End PBXFileReference section */

/* Begin PBXFrameworksBuildPhase section */
		05B9048026E2820800B72B96 /* Frameworks */ = {
			isa = PBXFrameworksBuildPhase;
			buildActionMask = 2147483647;
			files = (
			);
			runOnlyForDeploymentPostprocessing = 0;
		};
		05B9049626E2820A00B72B96 /* Frameworks */ = {
			isa = PBXFrameworksBuildPhase;
			buildActionMask = 2147483647;
			files = (
			);
			runOnlyForDeploymentPostprocessing = 0;
		};
		05B904A126E2820A00B72B96 /* Frameworks */ = {
			isa = PBXFrameworksBuildPhase;
			buildActionMask = 2147483647;
			files = (
			);
			runOnlyForDeploymentPostprocessing = 0;
		};
/* End PBXFrameworksBuildPhase section */

/* Begin PBXGroup section */
		05B9047A26E2820800B72B96 = {
			isa = PBXGroup;
			children = (
				05B9048526E2820800B72B96 /* Prework */,
				05B9049C26E2820A00B72B96 /* PreworkTests */,
				05B904A726E2820A00B72B96 /* PreworkUITests */,
				05B9048426E2820800B72B96 /* Products */,
			);
			sourceTree = "<group>";
		};
		05B9048426E2820800B72B96 /* Products */ = {
			isa = PBXGroup;
			children = (
				05B9048326E2820800B72B96 /* Prework.app */,
				05B9049926E2820A00B72B96 /* PreworkTests.xctest */,
				05B904A426E2820A00B72B96 /* PreworkUITests.xctest */,
			);
			name = Products;
			sourceTree = "<group>";
		};
		05B9048526E2820800B72B96 /* Prework */ = {
			isa = PBXGroup;
			children = (
				05B9048626E2820800B72B96 /* AppDelegate.swift */,
				05B9048826E2820800B72B96 /* SceneDelegate.swift */,
				05B9048A26E2820800B72B96 /* ViewController.swift */,
				05B9048C26E2820800B72B96 /* Main.storyboard */,
				05B9048F26E2820A00B72B96 /* Assets.xcassets */,
				05B9049126E2820A00B72B96 /* LaunchScreen.storyboard */,
				05B9049426E2820A00B72B96 /* Info.plist */,
			);
			path = Prework;
			sourceTree = "<group>";
		};
		05B9049C26E2820A00B72B96 /* PreworkTests */ = {
			isa = PBXGroup;
			children = (
				05B9049D26E2820A00B72B96 /* PreworkTests.swift */,
				05B9049F26E2820A00B72B96 /* Info.plist */,
			);
			path = PreworkTests;
			sourceTree = "<group>";
		};
		05B904A726E2820A00B72B96 /* PreworkUITests */ = {
			isa = PBXGroup;
			children = (
				05B904A826E2820A00B72B96 /* PreworkUITests.swift */,
				05B904AA26E2820A00B72B96 /* Info.plist */,
			);
			path = PreworkUITests;
			sourceTree = "<group>";
		};
/* End PBXGroup section */

/* Begin PBXNativeTarget section */
		05B9048226E2820800B72B96 /* Prework */ = {
			isa = PBXNativeTarget;
			buildConfigurationList = 05B904AD26E2820A00B72B96 /* Build configuration list for PBXNativeTarget "Prework" */;
			buildPhases = (
				05B9047F26E2820800B72B96 /* Sources */,
				05B9048026E2820800B72B96 /* Frameworks */,
				05B9048126E2820800B72B96 /* Resources */,
			);
			buildRules = (
			);
			dependencies = (
			);
			name = Prework;
			productName = Prework;
			productReference = 05B9048326E2820800B72B96 /* Prework.app */;
			productType = "com.apple.product-type.application";
		};
		05B9049826E2820A00B72B96 /* PreworkTests */ = {
			isa = PBXNativeTarget;
			buildConfigurationList = 05B904B026E2820A00B72B96 /* Build configuration list for PBXNativeTarget "PreworkTests" */;
			buildPhases = (
				05B9049526E2820A00B72B96 /* Sources */,
				05B9049626E2820A00B72B96 /* Frameworks */,
				05B9049726E2820A00B72B96 /* Resources */,
			);
			buildRules = (
			);
			dependencies = (
				05B9049B26E2820A00B72B96 /* PBXTargetDependency */,
			);
			name = PreworkTests;
			productName = PreworkTests;
			productReference = 05B9049926E2820A00B72B96 /* PreworkTests.xctest */;
			productType = "com.apple.product-type.bundle.unit-test";
		};
		05B904A326E2820A00B72B96 /* PreworkUITests */ = {
			isa = PBXNativeTarget;
			buildConfigurationList = 05B904B326E2820A00B72B96 /* Build configuration list for PBXNativeTarget "PreworkUITests" */;
			buildPhases = (
				05B904A026E2820A00B72B96 /* Sources */,
				05B904A126E2820A00B72B96 /* Frameworks */,
				05B904A226E2820A00B72B96 /* Resources */,
			);
			buildRules = (
			);
			dependencies = (
				05B904A626E2820A00B72B96 /* PBXTargetDependency */,
			);
			name = PreworkUITests;
			productName = PreworkUITests;
			productReference = 05B904A426E2820A00B72B96 /* PreworkUITests.xctest */;
			productType = "com.apple.product-type.bundle.ui-testing";
		};
/* End PBXNativeTarget section */

/* Begin PBXProject section */
		05B9047B26E2820800B72B96 /* Project object */ = {
			isa = PBXProject;
			attributes = {
				LastSwiftUpdateCheck = 1130;
				LastUpgradeCheck = 1130;
				ORGANIZATIONNAME = "Ka Kit Leng";
				TargetAttributes = {
					05B9048226E2820800B72B96 = {
						CreatedOnToolsVersion = 11.3.1;
					};
					05B9049826E2820A00B72B96 = {
						CreatedOnToolsVersion = 11.3.1;
						TestTargetID = 05B9048226E2820800B72B96;
					};
					05B904A326E2820A00B72B96 = {
						CreatedOnToolsVersion = 11.3.1;
						TestTargetID = 05B9048226E2820800B72B96;
					};
				};
			};
			buildConfigurationList = 05B9047E26E2820800B72B96 /* Build configuration list for PBXProject "Prework" */;
			compatibilityVersion = "Xcode 9.3";
			developmentRegion = en;
			hasScannedForEncodings = 0;
			knownRegions = (
				en,
				Base,
			);
			mainGroup = 05B9047A26E2820800B72B96;
			productRefGroup = 05B9048426E2820800B72B96 /* Products */;
			projectDirPath = "";
			projectRoot = "";
			targets = (
				05B9048226E2820800B72B96 /* Prework */,
				05B9049826E2820A00B72B96 /* PreworkTests */,
				05B904A326E2820A00B72B96 /* PreworkUITests */,
			);
		};
/* End PBXProject section */

/* Begin PBXResourcesBuildPhase section */
		05B9048126E2820800B72B96 /* Resources */ = {
			isa = PBXResourcesBuildPhase;
			buildActionMask = 2147483647;
			files = (
				05B9049326E2820A00B72B96 /* LaunchScreen.storyboard in Resources */,
				05B9049026E2820A00B72B96 /* Assets.xcassets in Resources */,
				05B9048E26E2820800B72B96 /* Main.storyboard in Resources */,
			);
			runOnlyForDeploymentPostprocessing = 0;
		};
		05B9049726E2820A00B72B96 /* Resources */ = {
			isa = PBXResourcesBuildPhase;
			buildActionMask = 2147483647;
			files = (
			);
			runOnlyForDeploymentPostprocessing = 0;
		};
		05B904A226E2820A00B72B96 /* Resources */ = {
			isa = PBXResourcesBuildPhase;
			buildActionMask = 2147483647;
			files = (
			);
			runOnlyForDeploymentPostprocessing = 0;
		};
/* End PBXResourcesBuildPhase section */

/* Begin PBXSourcesBuildPhase section */
		05B9047F26E2820800B72B96 /* Sources */ = {
			isa = PBXSourcesBuildPhase;
			buildActionMask = 2147483647;
			files = (
				05B9048B26E2820800B72B96 /* ViewController.swift in Sources */,
				05B9048726E2820800B72B96 /* AppDelegate.swift in Sources */,
				05B9048926E2820800B72B96 /* SceneDelegate.swift in Sources */,
			);
			runOnlyForDeploymentPostprocessing = 0;
		};
		05B9049526E2820A00B72B96 /* Sources */ = {
			isa = PBXSourcesBuildPhase;
			buildActionMask = 2147483647;
			files = (
				05B9049E26E2820A00B72B96 /* PreworkTests.swift in Sources */,
			);
			runOnlyForDeploymentPostprocessing = 0;
		};
		05B904A026E2820A00B72B96 /* Sources */ = {
			isa = PBXSourcesBuildPhase;
			buildActionMask = 2147483647;
			files = (
				05B904A926E2820A00B72B96 /* PreworkUITests.swift in Sources */,
			);
			runOnlyForDeploymentPostprocessing = 0;
		};
/* End PBXSourcesBuildPhase section */

/* Begin PBXTargetDependency section */
		05B9049B26E2820A00B72B96 /* PBXTargetDependency */ = {
			isa = PBXTargetDependency;
			target = 05B9048226E2820800B72B96 /* Prework */;
			targetProxy = 05B9049A26E2820A00B72B96 /* PBXContainerItemProxy */;
		};
		05B904A626E2820A00B72B96 /* PBXTargetDependency */ = {
			isa = PBXTargetDependency;
			target = 05B9048226E2820800B72B96 /* Prework */;
			targetProxy = 05B904A526E2820A00B72B96 /* PBXContainerItemProxy */;
		};
/* End PBXTargetDependency section */

/* Begin PBXVariantGroup section */
		05B9048C26E2820800B72B96 /* Main.storyboard */ = {
			isa = PBXVariantGroup;
			children = (
				05B9048D26E2820800B72B96 /* Base */,
			);
			name = Main.storyboard;
			sourceTree = "<group>";
		};
		05B9049126E2820A00B72B96 /* LaunchScreen.storyboard */ = {
			isa = PBXVariantGroup;
			children = (
				05B9049226E2820A00B72B96 /* Base */,
			);
			name = LaunchScreen.storyboard;
			sourceTree = "<group>";
		};
/* End PBXVariantGroup section */

/* Begin XCBuildConfiguration section */
		05B904AB26E2820A00B72B96 /* Debug */ = {
			isa = XCBuildConfiguration;
			buildSettings = {
				ALWAYS_SEARCH_USER_PATHS = NO;
				CLANG_ANALYZER_NONNULL = YES;
				CLANG_ANALYZER_NUMBER_OBJECT_CONVERSION = YES_AGGRESSIVE;
				CLANG_CXX_LANGUAGE_STANDARD = "gnu++14";
				CLANG_CXX_LIBRARY = "libc++";
				CLANG_ENABLE_MODULES = YES;
				CLANG_ENABLE_OBJC_ARC = YES;
				CLANG_ENABLE_OBJC_WEAK = YES;
				CLANG_WARN_BLOCK_CAPTURE_AUTORELEASING = YES;
				CLANG_WARN_BOOL_CONVERSION = YES;
				CLANG_WARN_COMMA = YES;
				CLANG_WARN_CONSTANT_CONVERSION = YES;
				CLANG_WARN_DEPRECATED_OBJC_IMPLEMENTATIONS = YES;
				CLANG_WARN_DIRECT_OBJC_ISA_USAGE = YES_ERROR;
				CLANG_WARN_DOCUMENTATION_COMMENTS = YES;
				CLANG_WARN_EMPTY_BODY = YES;
				CLANG_WARN_ENUM_CONVERSION = YES;
				CLANG_WARN_INFINITE_RECURSION = YES;
				CLANG_WARN_INT_CONVERSION = YES;
				CLANG_WARN_NON_LITERAL_NULL_CONVERSION = YES;
				CLANG_WARN_OBJC_IMPLICIT_RETAIN_SELF = YES;
				CLANG_WARN_OBJC_LITERAL_CONVERSION = YES;
				CLANG_WARN_OBJC_ROOT_CLASS = YES_ERROR;
				CLANG_WARN_RANGE_LOOP_ANALYSIS = YES;
				CLANG_WARN_STRICT_PROTOTYPES = YES;
				CLANG_WARN_SUSPICIOUS_MOVE = YES;
				CLANG_WARN_UNGUARDED_AVAILABILITY = YES_AGGRESSIVE;
				CLANG_WARN_UNREACHABLE_CODE = YES;
				CLANG_WARN__DUPLICATE_METHOD_MATCH = YES;
				COPY_PHASE_STRIP = NO;
				DEBUG_INFORMATION_FORMAT = dwarf;
				ENABLE_STRICT_OBJC_MSGSEND = YES;
				ENABLE_TESTABILITY = YES;
				GCC_C_LANGUAGE_STANDARD = gnu11;
				GCC_DYNAMIC_NO_PIC = NO;
				GCC_NO_COMMON_BLOCKS = YES;
				GCC_OPTIMIZATION_LEVEL = 0;
				GCC_PREPROCESSOR_DEFINITIONS = (
					"DEBUG=1",
					"$(inherited)",
				);
				GCC_WARN_64_TO_32_BIT_CONVERSION = YES;
				GCC_WARN_ABOUT_RETURN_TYPE = YES_ERROR;
				GCC_WARN_UNDECLARED_SELECTOR = YES;
				GCC_WARN_UNINITIALIZED_AUTOS = YES_AGGRESSIVE;
				GCC_WARN_UNUSED_FUNCTION = YES;
				GCC_WARN_UNUSED_VARIABLE = YES;
				IPHONEOS_DEPLOYMENT_TARGET = 13.2;
				MTL_ENABLE_DEBUG_INFO = INCLUDE_SOURCE;
				MTL_FAST_MATH = YES;
				ONLY_ACTIVE_ARCH = YES;
				SDKROOT = iphoneos;
				SWIFT_ACTIVE_COMPILATION_CONDITIONS = DEBUG;
				SWIFT_OPTIMIZATION_LEVEL = "-Onone";
			};
			name = Debug;
		};
		05B904AC26E2820A00B72B96 /* Release */ = {
			isa = XCBuildConfiguration;
			buildSettings = {
				ALWAYS_SEARCH_USER_PATHS = NO;
				CLANG_ANALYZER_NONNULL = YES;
				CLANG_ANALYZER_NUMBER_OBJECT_CONVERSION = YES_AGGRESSIVE;
				CLANG_CXX_LANGUAGE_STANDARD = "gnu++14";
				CLANG_CXX_LIBRARY = "libc++";
				CLANG_ENABLE_MODULES = YES;
				CLANG_ENABLE_OBJC_ARC = YES;
				CLANG_ENABLE_OBJC_WEAK = YES;
				CLANG_WARN_BLOCK_CAPTURE_AUTORELEASING = YES;
				CLANG_WARN_BOOL_CONVERSION = YES;
				CLANG_WARN_COMMA = YES;
				CLANG_WARN_CONSTANT_CONVERSION = YES;
				CLANG_WARN_DEPRECATED_OBJC_IMPLEMENTATIONS = YES;
				CLANG_WARN_DIRECT_OBJC_ISA_USAGE = YES_ERROR;
				CLANG_WARN_DOCUMENTATION_COMMENTS = YES;
				CLANG_WARN_EMPTY_BODY = YES;
				CLANG_WARN_ENUM_CONVERSION = YES;
				CLANG_WARN_INFINITE_RECURSION = YES;
				CLANG_WARN_INT_CONVERSION = YES;
				CLANG_WARN_NON_LITERAL_NULL_CONVERSION = YES;
				CLANG_WARN_OBJC_IMPLICIT_RETAIN_SELF = YES;
				CLANG_WARN_OBJC_LITERAL_CONVERSION = YES;
				CLANG_WARN_OBJC_ROOT_CLASS = YES_ERROR;
				CLANG_WARN_RANGE_LOOP_ANALYSIS = YES;
				CLANG_WARN_STRICT_PROTOTYPES = YES;
				CLANG_WARN_SUSPICIOUS_MOVE = YES;
				CLANG_WARN_UNGUARDED_AVAILABILITY = YES_AGGRESSIVE;
				CLANG_WARN_UNREACHABLE_CODE = YES;
				CLANG_WARN__DUPLICATE_METHOD_MATCH = YES;
				COPY_PHASE_STRIP = NO;
				DEBUG_INFORMATION_FORMAT = "dwarf-with-dsym";
				ENABLE_NS_ASSERTIONS = NO;
				ENABLE_STRICT_OBJC_MSGSEND = YES;
				GCC_C_LANGUAGE_STANDARD = gnu11;
				GCC_NO_COMMON_BLOCKS = YES;
				GCC_WARN_64_TO_32_BIT_CONVERSION = YES;
				GCC_WARN_ABOUT_RETURN_TYPE = YES_ERROR;
				GCC_WARN_UNDECLARED_SELECTOR = YES;
				GCC_WARN_UNINITIALIZED_AUTOS = YES_AGGRESSIVE;
				GCC_WARN_UNUSED_FUNCTION = YES;
				GCC_WARN_UNUSED_VARIABLE = YES;
				IPHONEOS_DEPLOYMENT_TARGET = 13.2;
				MTL_ENABLE_DEBUG_INFO = NO;
				MTL_FAST_MATH = YES;
				SDKROOT = iphoneos;
				SWIFT_COMPILATION_MODE = wholemodule;
				SWIFT_OPTIMIZATION_LEVEL = "-O";
				VALIDATE_PRODUCT = YES;
			};
			name = Release;
		};
		05B904AE26E2820A00B72B96 /* Debug */ = {
			isa = XCBuildConfiguration;
			buildSettings = {
				ASSETCATALOG_COMPILER_APPICON_NAME = AppIcon;
				CODE_SIGN_STYLE = Automatic;
				INFOPLIST_FILE = Prework/Info.plist;
				LD_RUNPATH_SEARCH_PATHS = (
					"$(inherited)",
					"@executable_path/Frameworks",
				);
				PRODUCT_BUNDLE_IDENTIFIER = memo.com.Prework;
				PRODUCT_NAME = "$(TARGET_NAME)";
				SWIFT_VERSION = 5.0;
				TARGETED_DEVICE_FAMILY = "1,2";
			};
			name = Debug;
		};
		05B904AF26E2820A00B72B96 /* Release */ = {
			isa = XCBuildConfiguration;
			buildSettings = {
				ASSETCATALOG_COMPILER_APPICON_NAME = AppIcon;
				CODE_SIGN_STYLE = Automatic;
				INFOPLIST_FILE = Prework/Info.plist;
				LD_RUNPATH_SEARCH_PATHS = (
					"$(inherited)",
					"@executable_path/Frameworks",
				);
				PRODUCT_BUNDLE_IDENTIFIER = memo.com.Prework;
				PRODUCT_NAME = "$(TARGET_NAME)";
				SWIFT_VERSION = 5.0;
				TARGETED_DEVICE_FAMILY = "1,2";
			};
			name = Release;
		};
		05B904B126E2820A00B72B96 /* Debug */ = {
			isa = XCBuildConfiguration;
			buildSettings = {
				ALWAYS_EMBED_SWIFT_STANDARD_LIBRARIES = YES;
				BUNDLE_LOADER = "$(TEST_HOST)";
				CODE_SIGN_STYLE = Automatic;
				INFOPLIST_FILE = PreworkTests/Info.plist;
				IPHONEOS_DEPLOYMENT_TARGET = 13.2;
				LD_RUNPATH_SEARCH_PATHS = (
					"$(inherited)",
					"@executable_path/Frameworks",
					"@loader_path/Frameworks",
				);
				PRODUCT_BUNDLE_IDENTIFIER = memo.com.PreworkTests;
				PRODUCT_NAME = "$(TARGET_NAME)";
				SWIFT_VERSION = 5.0;
				TARGETED_DEVICE_FAMILY = "1,2";
				TEST_HOST = "$(BUILT_PRODUCTS_DIR)/Prework.app/Prework";
			};
			name = Debug;
		};
		05B904B226E2820A00B72B96 /* Release */ = {
			isa = XCBuildConfiguration;
			buildSettings = {
				ALWAYS_EMBED_SWIFT_STANDARD_LIBRARIES = YES;
				BUNDLE_LOADER = "$(TEST_HOST)";
				CODE_SIGN_STYLE = Automatic;
				INFOPLIST_FILE = PreworkTests/Info.plist;
				IPHONEOS_DEPLOYMENT_TARGET = 13.2;
				LD_RUNPATH_SEARCH_PATHS = (
					"$(inherited)",
					"@executable_path/Frameworks",
					"@loader_path/Frameworks",
				);
				PRODUCT_BUNDLE_IDENTIFIER = memo.com.PreworkTests;
				PRODUCT_NAME = "$(TARGET_NAME)";
				SWIFT_VERSION = 5.0;
				TARGETED_DEVICE_FAMILY = "1,2";
				TEST_HOST = "$(BUILT_PRODUCTS_DIR)/Prework.app/Prework";
			};
			name = Release;
		};
		05B904B426E2820A00B72B96 /* Debug */ = {
			isa = XCBuildConfiguration;
			buildSettings = {
				ALWAYS_EMBED_SWIFT_STANDARD_LIBRARIES = YES;
				CODE_SIGN_STYLE = Automatic;
				INFOPLIST_FILE = PreworkUITests/Info.plist;
				LD_RUNPATH_SEARCH_PATHS = (
					"$(inherited)",
					"@executable_path/Frameworks",
					"@loader_path/Frameworks",
				);
				PRODUCT_BUNDLE_IDENTIFIER = memo.com.PreworkUITests;
				PRODUCT_NAME = "$(TARGET_NAME)";
				SWIFT_VERSION = 5.0;
				TARGETED_DEVICE_FAMILY = "1,2";
				TEST_TARGET_NAME = Prework;
			};
			name = Debug;
		};
		05B904B526E2820A00B72B96 /* Release */ = {
			isa = XCBuildConfiguration;
			buildSettings = {
				ALWAYS_EMBED_SWIFT_STANDARD_LIBRARIES = YES;
				CODE_SIGN_STYLE = Automatic;
				INFOPLIST_FILE = PreworkUITests/Info.plist;
				LD_RUNPATH_SEARCH_PATHS = (
					"$(inherited)",
					"@executable_path/Frameworks",
					"@loader_path/Frameworks",
				);
				PRODUCT_BUNDLE_IDENTIFIER = memo.com.PreworkUITests;
				PRODUCT_NAME = "$(TARGET_NAME)";
				SWIFT_VERSION = 5.0;
				TARGETED_DEVICE_FAMILY = "1,2";
				TEST_TARGET_NAME = Prework;
			};
			name = Release;
		};
/* End XCBuildConfiguration section */

/* Begin XCConfigurationList section */
		05B9047E26E2820800B72B96 /* Build configuration list for PBXProject "Prework" */ = {
			isa = XCConfigurationList;
			buildConfigurations = (
				05B904AB26E2820A00B72B96 /* Debug */,
				05B904AC26E2820A00B72B96 /* Release */,
			);
			defaultConfigurationIsVisible = 0;
			defaultConfigurationName = Release;
		};
		05B904AD26E2820A00B72B96 /* Build configuration list for PBXNativeTarget "Prework" */ = {
			isa = XCConfigurationList;
			buildConfigurations = (
				05B904AE26E2820A00B72B96 /* Debug */,
				05B904AF26E2820A00B72B96 /* Release */,
			);
			defaultConfigurationIsVisible = 0;
			defaultConfigurationName = Release;
		};
		05B904B026E2820A00B72B96 /* Build configuration list for PBXNativeTarget "PreworkTests" */ = {
			isa = XCConfigurationList;
			buildConfigurations = (
				05B904B126E2820A00B72B96 /* Debug */,
				05B904B226E2820A00B72B96 /* Release */,
			);
			defaultConfigurationIsVisible = 0;
			defaultConfigurationName = Release;
		};
		05B904B326E2820A00B72B96 /* Build configuration list for PBXNativeTarget "PreworkUITests" */ = {
			isa = XCConfigurationList;
			buildConfigurations = (
				05B904B426E2820A00B72B96 /* Debug */,
				05B904B526E2820A00B72B96 /* Release */,
			);
			defaultConfigurationIsVisible = 0;
			defaultConfigurationName = Release;
		};
/* End XCConfigurationList section */
	};
	rootObject = 05B9047B26E2820800B72B96 /* Project object */;
}
